
Microsoft Visual Studio Solution File, Format Version 12.00
# Visual Studio Version 17
VisualStudioVersion = 17.3.32922.545
MinimumVisualStudioVersion = 10.0.40219.1
Project("{FAE04EC0-301F-11D3-BF4B-00C04F79EFBC}") = "Lab01.Ex01.RSVP", "Lab01.Ex01.RSVP\Lab01.Ex01.RSVP.csproj", "{35A30580-D82B-42A9-8E73-6DA998A0EA05}"
EndProject
Project("{FAE04EC0-301F-11D3-BF4B-00C04F79EFBC}") = "Lab01.Ex02.RSVP", "Lab01.Ex02.RSVP\Lab01.Ex02.RSVP.csproj", "{239B2211-8AB8-40CF-BBAF-F70BDD759439}"
EndProject
Project("{FAE04EC0-301F-11D3-BF4B-00C04F79EFBC}") = "Lab02.Ex01.RSVP", "Lab02.Ex01.RSVP\Lab02.Ex01.RSVP.csproj", "{AC7E4C79-27B4-465B-A1CC-6874869836B2}"
EndProject
Project("{FAE04EC0-301F-11D3-BF4B-00C04F79EFBC}") = "Lab02.Ex02.RSVP", "Lab02.Ex02.RSVP\Lab02.Ex02.RSVP.csproj", "{3313E61D-7ECA-45BF-AFEF-6E1B36B44C42}"
EndProject
Project("{FAE04EC0-301F-11D3-BF4B-00C04F79EFBC}") = "Lab07", "Lab07\Lab07.csproj", "{54839C16-CB55-4AC1-9B66-4B114D658A31}"
EndProject
Project("{FAE04EC0-301F-11D3-BF4B-00C04F79EFBC}") = "MVC.Lab01.Ex01.WebMVCR1", "MVC.Lab01.Ex01.WebMVCR1\MVC.Lab01.Ex01.WebMVCR1.csproj", "{A0629830-D2E0-415F-9CE0-E0D8D65752CB}"
EndProject
Project("{FAE04EC0-301F-11D3-BF4B-00C04F79EFBC}") = "MVC.Lab01.Ex02.WebMVCR1", "MVC.Lab01.Ex02.WebMVCR1\MVC.Lab01.Ex02.WebMVCR1.csproj", "{92108190-FC56-4086-B89F-58F1A1561DDF}"
EndProject
Project("{FAE04EC0-301F-11D3-BF4B-00C04F79EFBC}") = "MVC.Lab01.Ex03.WebMVCR1", "MVC.Lab01.Ex03.WebMVCR1\MVC.Lab01.Ex03.WebMVCR1.csproj", "{A460067F-008D-447C-B72D-EBE39421847B}"
EndProject
Project("{FAE04EC0-301F-11D3-BF4B-00C04F79EFBC}") = "MVC.Lab02.Ex01.WebMVCR1", "MVC.Lab02.Ex01.WebMVCR1\MVC.Lab02.Ex01.WebMVCR1.csproj", "{C2C7B54E-20C6-4A8A-A93A-127430DE1580}"
EndProject
Project("{FAE04EC0-301F-11D3-BF4B-00C04F79EFBC}") = "MVC.Lab02.Ex02.WebMVCR1", "MVC.Lab02.Ex02.WebMVCR1\MVC.Lab02.Ex02.WebMVCR1.csproj", "{4CD77F37-C229-4A83-BB97-ABF5E163E7D0}"
EndProject
Project("{FAE04EC0-301F-11D3-BF4B-00C04F79EFBC}") = "MVC.Lab02.Ex03.WebMVCR1", "MVC.Lab02.Ex03.WebMVCR1\MVC.Lab02.Ex03.WebMVCR1.csproj", "{0BA7A0B1-E9C6-442E-BCE4-421BCA72BFB2}"
EndProject
Project("{FAE04EC0-301F-11D3-BF4B-00C04F79EFBC}") = "MVC.Lab02.Ex04.WebMVCR1", "MVC.Lab02.Ex04.WebMVCR1\MVC.Lab02.Ex04.WebMVCR1.csproj", "{D2A709E2-3A28-48B0-BF90-7EBC61B680D3}"
EndProject
Project("{FAE04EC0-301F-11D3-BF4B-00C04F79EFBC}") = "MVC.Lab02.Ex05.WebMVCR1", "MVC.Lab02.Ex05.WebMVCR1\MVC.Lab02.Ex05.WebMVCR1.csproj", "{410936C2-EAB3-48FB-B55E-35A7F7E21153}"
EndProject
Project("{FAE04EC0-301F-11D3-BF4B-00C04F79EFBC}") = "MVC.Lab03.Ex01.WebMVCR1", "MVC.Lab03.Ex01.WebMVCR1\MVC.Lab03.Ex01.WebMVCR1.csproj", "{5D9B1BEA-1552-4489-8547-AFC3B62DF3E8}"
EndProject
Project("{FAE04EC0-301F-11D3-BF4B-00C04F79EFBC}") = "MVC.Lab03.Ex02.WebMVCR1", "MVC.Lab03.Ex02.WebMVCR1\MVC.Lab03.Ex02.WebMVCR1.csproj", "{9CD2AB0F-2037-4A19-8AC0-405441C1D816}"
EndProject
Project("{FAE04EC0-301F-11D3-BF4B-00C04F79EFBC}") = "MVC.Lab03.Ex03.WebMVCR1", "MVC.Lab03.Ex03.WebMVCR1\MVC.Lab03.Ex03.WebMVCR1.csproj", "{FBD8D572-626E-4545-AEB5-F3F11A751858}"
EndProject
Project("{FAE04EC0-301F-11D3-BF4B-00C04F79EFBC}") = "MVC.Lab04.Ex01.WebMVCR1", "MVC.Lab04.Ex01.WebMVCR1\MVC.Lab04.Ex01.WebMVCR1.csproj", "{6B6E21D1-6DEE-4A5F-8A20-9CB813C80DF9}"
EndProject
Project("{FAE04EC0-301F-11D3-BF4B-00C04F79EFBC}") = "MVC.Lab04.Ex02.WebMVCR1", "MVC.Lab04.Ex02.WebMVCR1\MVC.Lab04.Ex02.WebMVCR1.csproj", "{B2990286-CE26-475A-9861-0A79C30873E7}"
EndProject
Project("{FAE04EC0-301F-11D3-BF4B-00C04F79EFBC}") = "MVC.Lab04.Ex03.WebMVCR1", "MVC.Lab04.Ex03.WebMVCR1\MVC.Lab04.Ex03.WebMVCR1.csproj", "{B7634316-71CD-463A-B6B6-3685A0F9E351}"
EndProject
Global
	GlobalSection(SolutionConfigurationPlatforms) = preSolution
		Debug|Any CPU = Debug|Any CPU
		Release|Any CPU = Release|Any CPU
	EndGlobalSection
	GlobalSection(ProjectConfigurationPlatforms) = postSolution
		{35A30580-D82B-42A9-8E73-6DA998A0EA05}.Debug|Any CPU.ActiveCfg = Debug|Any CPU
		{35A30580-D82B-42A9-8E73-6DA998A0EA05}.Debug|Any CPU.Build.0 = Debug|Any CPU
		{35A30580-D82B-42A9-8E73-6DA998A0EA05}.Release|Any CPU.ActiveCfg = Release|Any CPU
		{35A30580-D82B-42A9-8E73-6DA998A0EA05}.Release|Any CPU.Build.0 = Release|Any CPU
		{239B2211-8AB8-40CF-BBAF-F70BDD759439}.Debug|Any CPU.ActiveCfg = Debug|Any CPU
		{239B2211-8AB8-40CF-BBAF-F70BDD759439}.Debug|Any CPU.Build.0 = Debug|Any CPU
		{239B2211-8AB8-40CF-BBAF-F70BDD759439}.Release|Any CPU.ActiveCfg = Release|Any CPU
		{239B2211-8AB8-40CF-BBAF-F70BDD759439}.Release|Any CPU.Build.0 = Release|Any CPU
		{AC7E4C79-27B4-465B-A1CC-6874869836B2}.Debug|Any CPU.ActiveCfg = Debug|Any CPU
		{AC7E4C79-27B4-465B-A1CC-6874869836B2}.Debug|Any CPU.Build.0 = Debug|Any CPU
		{AC7E4C79-27B4-465B-A1CC-6874869836B2}.Release|Any CPU.ActiveCfg = Release|Any CPU
		{AC7E4C79-27B4-465B-A1CC-6874869836B2}.Release|Any CPU.Build.0 = Release|Any CPU
		{3313E61D-7ECA-45BF-AFEF-6E1B36B44C42}.Debug|Any CPU.ActiveCfg = Debug|Any CPU
		{3313E61D-7ECA-45BF-AFEF-6E1B36B44C42}.Debug|Any CPU.Build.0 = Debug|Any CPU
		{3313E61D-7ECA-45BF-AFEF-6E1B36B44C42}.Release|Any CPU.ActiveCfg = Release|Any CPU
		{3313E61D-7ECA-45BF-AFEF-6E1B36B44C42}.Release|Any CPU.Build.0 = Release|Any CPU
		{54839C16-CB55-4AC1-9B66-4B114D658A31}.Debug|Any CPU.ActiveCfg = Debug|Any CPU
		{54839C16-CB55-4AC1-9B66-4B114D658A31}.Debug|Any CPU.Build.0 = Debug|Any CPU
		{54839C16-CB55-4AC1-9B66-4B114D658A31}.Release|Any CPU.ActiveCfg = Release|Any CPU
		{54839C16-CB55-4AC1-9B66-4B114D658A31}.Release|Any CPU.Build.0 = Release|Any CPU
		{A0629830-D2E0-415F-9CE0-E0D8D65752CB}.Debug|Any CPU.ActiveCfg = Debug|Any CPU
		{A0629830-D2E0-415F-9CE0-E0D8D65752CB}.Debug|Any CPU.Build.0 = Debug|Any CPU
		{A0629830-D2E0-415F-9CE0-E0D8D65752CB}.Release|Any CPU.ActiveCfg = Release|Any CPU
		{A0629830-D2E0-415F-9CE0-E0D8D65752CB}.Release|Any CPU.Build.0 = Release|Any CPU
		{92108190-FC56-4086-B89F-58F1A1561DDF}.Debug|Any CPU.ActiveCfg = Debug|Any CPU
		{92108190-FC56-4086-B89F-58F1A1561DDF}.Debug|Any CPU.Build.0 = Debug|Any CPU
		{92108190-FC56-4086-B89F-58F1A1561DDF}.Release|Any CPU.ActiveCfg = Release|Any CPU
		{92108190-FC56-4086-B89F-58F1A1561DDF}.Release|Any CPU.Build.0 = Release|Any CPU
		{A460067F-008D-447C-B72D-EBE39421847B}.Debug|Any CPU.ActiveCfg = Debug|Any CPU
		{A460067F-008D-447C-B72D-EBE39421847B}.Debug|Any CPU.Build.0 = Debug|Any CPU
		{A460067F-008D-447C-B72D-EBE39421847B}.Release|Any CPU.ActiveCfg = Release|Any CPU
		{A460067F-008D-447C-B72D-EBE39421847B}.Release|Any CPU.Build.0 = Release|Any CPU
		{C2C7B54E-20C6-4A8A-A93A-127430DE1580}.Debug|Any CPU.ActiveCfg = Debug|Any CPU
		{C2C7B54E-20C6-4A8A-A93A-127430DE1580}.Debug|Any CPU.Build.0 = Debug|Any CPU
		{C2C7B54E-20C6-4A8A-A93A-127430DE1580}.Release|Any CPU.ActiveCfg = Release|Any CPU
		{C2C7B54E-20C6-4A8A-A93A-127430DE1580}.Release|Any CPU.Build.0 = Release|Any CPU
		{4CD77F37-C229-4A83-BB97-ABF5E163E7D0}.Debug|Any CPU.ActiveCfg = Debug|Any CPU
		{4CD77F37-C229-4A83-BB97-ABF5E163E7D0}.Debug|Any CPU.Build.0 = Debug|Any CPU
		{4CD77F37-C229-4A83-BB97-ABF5E163E7D0}.Release|Any CPU.ActiveCfg = Release|Any CPU
		{4CD77F37-C229-4A83-BB97-ABF5E163E7D0}.Release|Any CPU.Build.0 = Release|Any CPU
		{0BA7A0B1-E9C6-442E-BCE4-421BCA72BFB2}.Debug|Any CPU.ActiveCfg = Debug|Any CPU
		{0BA7A0B1-E9C6-442E-BCE4-421BCA72BFB2}.Debug|Any CPU.Build.0 = Debug|Any CPU
		{0BA7A0B1-E9C6-442E-BCE4-421BCA72BFB2}.Release|Any CPU.ActiveCfg = Release|Any CPU
		{0BA7A0B1-E9C6-442E-BCE4-421BCA72BFB2}.Release|Any CPU.Build.0 = Release|Any CPU
		{D2A709E2-3A28-48B0-BF90-7EBC61B680D3}.Debug|Any CPU.ActiveCfg = Debug|Any CPU
		{D2A709E2-3A28-48B0-BF90-7EBC61B680D3}.Debug|Any CPU.Build.0 = Debug|Any CPU
		{D2A709E2-3A28-48B0-BF90-7EBC61B680D3}.Release|Any CPU.ActiveCfg = Release|Any CPU
		{D2A709E2-3A28-48B0-BF90-7EBC61B680D3}.Release|Any CPU.Build.0 = Release|Any CPU
		{410936C2-EAB3-48FB-B55E-35A7F7E21153}.Debug|Any CPU.ActiveCfg = Debug|Any CPU
		{410936C2-EAB3-48FB-B55E-35A7F7E21153}.Debug|Any CPU.Build.0 = Debug|Any CPU
		{410936C2-EAB3-48FB-B55E-35A7F7E21153}.Release|Any CPU.ActiveCfg = Release|Any CPU
		{410936C2-EAB3-48FB-B55E-35A7F7E21153}.Release|Any CPU.Build.0 = Release|Any CPU
		{5D9B1BEA-1552-4489-8547-AFC3B62DF3E8}.Debug|Any CPU.ActiveCfg = Debug|Any CPU
		{5D9B1BEA-1552-4489-8547-AFC3B62DF3E8}.Debug|Any CPU.Build.0 = Debug|Any CPU
		{5D9B1BEA-1552-4489-8547-AFC3B62DF3E8}.Release|Any CPU.ActiveCfg = Release|Any CPU
		{5D9B1BEA-1552-4489-8547-AFC3B62DF3E8}.Release|Any CPU.Build.0 = Release|Any CPU
		{9CD2AB0F-2037-4A19-8AC0-405441C1D816}.Debug|Any CPU.ActiveCfg = Debug|Any CPU
		{9CD2AB0F-2037-4A19-8AC0-405441C1D816}.Debug|Any CPU.Build.0 = Debug|Any CPU
		{9CD2AB0F-2037-4A19-8AC0-405441C1D816}.Release|Any CPU.ActiveCfg = Release|Any CPU
		{9CD2AB0F-2037-4A19-8AC0-405441C1D816}.Release|Any CPU.Build.0 = Release|Any CPU
		{FBD8D572-626E-4545-AEB5-F3F11A751858}.Debug|Any CPU.ActiveCfg = Debug|Any CPU
		{FBD8D572-626E-4545-AEB5-F3F11A751858}.Debug|Any CPU.Build.0 = Debug|Any CPU
		{FBD8D572-626E-4545-AEB5-F3F11A751858}.Release|Any CPU.ActiveCfg = Release|Any CPU
		{FBD8D572-626E-4545-AEB5-F3F11A751858}.Release|Any CPU.Build.0 = Release|Any CPU
		{6B6E21D1-6DEE-4A5F-8A20-9CB813C80DF9}.Debug|Any CPU.ActiveCfg = Debug|Any CPU
		{6B6E21D1-6DEE-4A5F-8A20-9CB813C80DF9}.Debug|Any CPU.Build.0 = Debug|Any CPU
		{6B6E21D1-6DEE-4A5F-8A20-9CB813C80DF9}.Release|Any CPU.ActiveCfg = Release|Any CPU
		{6B6E21D1-6DEE-4A5F-8A20-9CB813C80DF9}.Release|Any CPU.Build.0 = Release|Any CPU
		{B2990286-CE26-475A-9861-0A79C30873E7}.Debug|Any CPU.ActiveCfg = Debug|Any CPU
		{B2990286-CE26-475A-9861-0A79C30873E7}.Debug|Any CPU.Build.0 = Debug|Any CPU
		{B2990286-CE26-475A-9861-0A79C30873E7}.Release|Any CPU.ActiveCfg = Release|Any CPU
		{B2990286-CE26-475A-9861-0A79C30873E7}.Release|Any CPU.Build.0 = Release|Any CPU
		{B7634316-71CD-463A-B6B6-3685A0F9E351}.Debug|Any CPU.ActiveCfg = Debug|Any CPU
		{B7634316-71CD-463A-B6B6-3685A0F9E351}.Debug|Any CPU.Build.0 = Debug|Any CPU
		{B7634316-71CD-463A-B6B6-3685A0F9E351}.Release|Any CPU.ActiveCfg = Release|Any CPU
		{B7634316-71CD-463A-B6B6-3685A0F9E351}.Release|Any CPU.Build.0 = Release|Any CPU
	EndGlobalSection
	GlobalSection(SolutionProperties) = preSolution
		HideSolutionNode = FALSE
	EndGlobalSection
	GlobalSection(ExtensibilityGlobals) = postSolution
		SolutionGuid = {CEFE2E69-7F75-4480-B0F5-10A9464FE7A7}
	EndGlobalSection
EndGlobal
