
Microsoft Visual Studio Solution File, Format Version 12.00
# Visual Studio Version 17
VisualStudioVersion = 17.3.32922.545
MinimumVisualStudioVersion = 10.0.40219.1
Project("{FAE04EC0-301F-11D3-BF4B-00C04F79EFBC}") = "Lab01.Ex01.RSVP", "Lab01.Ex01.RSVP\Lab01.Ex01.RSVP.csproj", "{35A30580-D82B-42A9-8E73-6DA998A0EA05}"
EndProject
Project("{FAE04EC0-301F-11D3-BF4B-00C04F79EFBC}") = "Lab01.Ex02.RSVP", "Lab01.Ex02.RSVP\Lab01.Ex02.RSVP.csproj", "{239B2211-8AB8-40CF-BBAF-F70BDD759439}"
EndProject
Global
	GlobalSection(SolutionConfigurationPlatforms) = preSolution
		Debug|Any CPU = Debug|Any CPU
		Release|Any CPU = Release|Any CPU
	EndGlobalSection
	GlobalSection(ProjectConfigurationPlatforms) = postSolution
		{35A30580-D82B-42A9-8E73-6DA998A0EA05}.Debug|Any CPU.ActiveCfg = Debug|Any CPU
		{35A30580-D82B-42A9-8E73-6DA998A0EA05}.Debug|Any CPU.Build.0 = Debug|Any CPU
		{35A30580-D82B-42A9-8E73-6DA998A0EA05}.Release|Any CPU.ActiveCfg = Release|Any CPU
		{35A30580-D82B-42A9-8E73-6DA998A0EA05}.Release|Any CPU.Build.0 = Release|Any CPU
		{239B2211-8AB8-40CF-BBAF-F70BDD759439}.Debug|Any CPU.ActiveCfg = Debug|Any CPU
		{239B2211-8AB8-40CF-BBAF-F70BDD759439}.Debug|Any CPU.Build.0 = Debug|Any CPU
		{239B2211-8AB8-40CF-BBAF-F70BDD759439}.Release|Any CPU.ActiveCfg = Release|Any CPU
		{239B2211-8AB8-40CF-BBAF-F70BDD759439}.Release|Any CPU.Build.0 = Release|Any CPU
	EndGlobalSection
	GlobalSection(SolutionProperties) = preSolution
		HideSolutionNode = FALSE
	EndGlobalSection
	GlobalSection(ExtensibilityGlobals) = postSolution
		SolutionGuid = {CEFE2E69-7F75-4480-B0F5-10A9464FE7A7}
	EndGlobalSection
EndGlobal
